{
  "name": "docker-sandbox",
  "version": "1.0.0",
  "lockfileVersion": 1,
  "requires": true,
  "dependencies": {
    "vm2": {
      "version": "3.6.10",
      "resolved": "https://registry.npmjs.org/vm2/-/vm2-3.6.10.tgz",
      "integrity": "sha512-p4LBl7theIhmKaWPdCn25kEIG0bfDDEDx1lexXH7gcCu9pHIT+PKFgofwLHVHUGhe39lKExeaYVEZtdbQhdl2g=="
    }
  }
}
